Microsoft Visual Studio Solution File, Format Version 11.00
# Visual Studio 2008

Project("{000F5D41-2232-0B3E-63D2-6AB08D5893FB}") = "LSF", "Assembly-CSharp-firstpass-vs.csproj", "{E03CF6AB-55A9-0A40-DFEC-756CEE38E059}"
EndProject
Project("{000F5D41-2232-0B3E-63D2-6AB08D5893FB}") = "LSF", "Assembly-CSharp-vs.csproj", "{F08CD51C-998E-03DA-8BA0-EFD0FE88C1F9}"
EndProject
Project("{000F5D41-2232-0B3E-63D2-6AB08D5893FB}") = "LSF", "Assembly-CSharp-Editor-vs.csproj", "{4083B1F8-9289-B2E1-6FF1-D3B010350A31}"
EndProject
Global
	GlobalSection(SolutionConfigurationPlatforms) = preSolution
		Debug|Any CPU = Debug|Any CPU
		Release|Any CPU = Release|Any CPU
	EndGlobalSection
	GlobalSection(ProjectConfigurationPlatforms) = postSolution
		{E03CF6AB-55A9-0A40-DFEC-756CEE38E059}.Debug|Any CPU.ActiveCfg = Debug|Any CPU
		{E03CF6AB-55A9-0A40-DFEC-756CEE38E059}.Debug|Any CPU.Build.0 = Debug|Any CPU
		{E03CF6AB-55A9-0A40-DFEC-756CEE38E059}.Release|Any CPU.ActiveCfg = Release|Any CPU
		{E03CF6AB-55A9-0A40-DFEC-756CEE38E059}.Release|Any CPU.Build.0 = Release|Any CPU
		{F08CD51C-998E-03DA-8BA0-EFD0FE88C1F9}.Debug|Any CPU.ActiveCfg = Debug|Any CPU
		{F08CD51C-998E-03DA-8BA0-EFD0FE88C1F9}.Debug|Any CPU.Build.0 = Debug|Any CPU
		{F08CD51C-998E-03DA-8BA0-EFD0FE88C1F9}.Release|Any CPU.ActiveCfg = Release|Any CPU
		{F08CD51C-998E-03DA-8BA0-EFD0FE88C1F9}.Release|Any CPU.Build.0 = Release|Any CPU
		{4083B1F8-9289-B2E1-6FF1-D3B010350A31}.Debug|Any CPU.ActiveCfg = Debug|Any CPU
		{4083B1F8-9289-B2E1-6FF1-D3B010350A31}.Debug|Any CPU.Build.0 = Debug|Any CPU
		{4083B1F8-9289-B2E1-6FF1-D3B010350A31}.Release|Any CPU.ActiveCfg = Release|Any CPU
		{4083B1F8-9289-B2E1-6FF1-D3B010350A31}.Release|Any CPU.Build.0 = Release|Any CPU
	EndGlobalSection
	GlobalSection(SolutionProperties) = preSolution
		HideSolutionNode = FALSE
	EndGlobalSection
																																																																																																																																																																																																																																																																																																			GlobalSection(MonoDevelopProperties) = preSolution
		StartupItem = Assembly-CSharp.csproj
		Policies = $0
		$0.TextStylePolicy = $1
		$1.inheritsSet = null
		$1.scope = text/x-csharp
		$0.CSharpFormattingPolicy = $2
		$2.inheritsSet = Mono
		$2.inheritsScope = text/x-csharp
		$2.scope = text/x-csharp
		$0.TextStylePolicy = $3
		$3.FileWidth = 120
		$3.TabWidth = 4
		$3.EolMarker = Unix
		$3.inheritsSet = Mono
		$3.inheritsScope = text/plain
		$3.scope = text/plain
	EndGlobalSection

EndGlobal
